github.com/asspirin12/mysuperawesomeprojectwithlongnameforpackages v0.0.0-20211214153255-a776948bbcb0 h1:KkyVOknGckuFfKxhXZ9Ko+Dsml5gas6fdrjiDlB59So=
github.com/asspirin12/mysuperawesomeprojectwithlongnameforpackages v0.0.0-20211214153255-a776948bbcb0/go.mod h1:4M6TXvfC0mca+Ovj9RwU1M/74BUyjoRs+R6pC6XSo48=
